{
  "name": "shopxo-uniapp",
  "lockfileVersion": 2,
  "requires": true,
  "packages": {
    "": {
      "dependencies": {
        "jweixin-module": "^1.6.0"
      }
    },
    "node_modules/jweixin-module": {
      "version": "1.6.0",
      "resolved": "https://registry.npmjs.org/jweixin-module/-/jweixin-module-1.6.0.tgz",
      "integrity": "sha512-dGk9cf+ipipHmtzYmKZs5B2toX+p4hLyllGLF6xuC8t+B05oYxd8fYoaRz0T30U2n3RUv8a4iwvjhA+OcYz52w=="
    }
  },
  "dependencies": {
    "jweixin-module": {
      "version": "1.6.0",
      "resolved": "https://registry.npmjs.org/jweixin-module/-/jweixin-module-1.6.0.tgz",
      "integrity": "sha512-dGk9cf+ipipHmtzYmKZs5B2toX+p4hLyllGLF6xuC8t+B05oYxd8fYoaRz0T30U2n3RUv8a4iwvjhA+OcYz52w=="
    }
  }
}
